
Microsoft Visual Studio Solution File, Format Version 12.00
# Visual Studio Version 17
VisualStudioVersion = 17.10.34916.146
MinimumVisualStudioVersion = 10.0.40219.1
Project("{FAE04EC0-301F-11D3-BF4B-00C04F79EFBC}") = "ChangePdf.Server", "ChangePdf\Server\ChangePdf.Server.csproj", "{AE44C92D-C6DA-4341-92E2-93935A3DB98A}"
EndProject
Project("{FAE04EC0-301F-11D3-BF4B-00C04F79EFBC}") = "ChangePdf.Client", "ChangePdf\Client\ChangePdf.Client.csproj", "{35D9CA06-C417-4BFE-A652-FFF99901B40A}"
EndProject
Project("{FAE04EC0-301F-11D3-BF4B-00C04F79EFBC}") = "ChangePdf.Shared", "ChangePdf\Shared\ChangePdf.Shared.csproj", "{B4AF2181-6673-4A5A-8DEA-9A85D89ADA63}"
EndProject
Global
	GlobalSection(SolutionConfigurationPlatforms) = preSolution
		Debug|Any CPU = Debug|Any CPU
		Release|Any CPU = Release|Any CPU
	EndGlobalSection
	GlobalSection(ProjectConfigurationPlatforms) = postSolution
		{AE44C92D-C6DA-4341-92E2-93935A3DB98A}.Debug|Any CPU.ActiveCfg = Debug|Any CPU
		{AE44C92D-C6DA-4341-92E2-93935A3DB98A}.Debug|Any CPU.Build.0 = Debug|Any CPU
		{AE44C92D-C6DA-4341-92E2-93935A3DB98A}.Release|Any CPU.ActiveCfg = Release|Any CPU
		{AE44C92D-C6DA-4341-92E2-93935A3DB98A}.Release|Any CPU.Build.0 = Release|Any CPU
		{35D9CA06-C417-4BFE-A652-FFF99901B40A}.Debug|Any CPU.ActiveCfg = Debug|Any CPU
		{35D9CA06-C417-4BFE-A652-FFF99901B40A}.Debug|Any CPU.Build.0 = Debug|Any CPU
		{35D9CA06-C417-4BFE-A652-FFF99901B40A}.Release|Any CPU.ActiveCfg = Release|Any CPU
		{35D9CA06-C417-4BFE-A652-FFF99901B40A}.Release|Any CPU.Build.0 = Release|Any CPU
		{B4AF2181-6673-4A5A-8DEA-9A85D89ADA63}.Debug|Any CPU.ActiveCfg = Debug|Any CPU
		{B4AF2181-6673-4A5A-8DEA-9A85D89ADA63}.Debug|Any CPU.Build.0 = Debug|Any CPU
		{B4AF2181-6673-4A5A-8DEA-9A85D89ADA63}.Release|Any CPU.ActiveCfg = Release|Any CPU
		{B4AF2181-6673-4A5A-8DEA-9A85D89ADA63}.Release|Any CPU.Build.0 = Release|Any CPU
	EndGlobalSection
	GlobalSection(SolutionProperties) = preSolution
		HideSolutionNode = FALSE
	EndGlobalSection
	GlobalSection(ExtensibilityGlobals) = postSolution
		SolutionGuid = {51E24E05-ADAF-444C-A536-CC1820AC4B2E}
	EndGlobalSection
EndGlobal
